
Microsoft Visual Studio Solution File, Format Version 12.00
# Visual Studio Version 16
VisualStudioVersion = 16.0.32106.194
MinimumVisualStudioVersion = 10.0.40219.1
Project("{8BC9CEB8-8B4A-11D0-8D11-00A0C91BC942}") = "GeometryCalculator", "GeometryCalculator.vcxproj", "{EBEFAFF6-127A-4E49-AC0C-6CA7E7DA8107}"
EndProject
Global
	GlobalSection(SolutionConfigurationPlatforms) = preSolution
		Debug|x64 = Debug|x64
		Debug|x86 = Debug|x86
		Release|x64 = Release|x64
		Release|x86 = Release|x86
	EndGlobalSection
	GlobalSection(ProjectConfigurationPlatforms) = postSolution
		{EBEFAFF6-127A-4E49-AC0C-6CA7E7DA8107}.Debug|x64.ActiveCfg = Debug|x64
		{EBEFAFF6-127A-4E49-AC0C-6CA7E7DA8107}.Debug|x64.Build.0 = Debug|x64
		{EBEFAFF6-127A-4E49-AC0C-6CA7E7DA8107}.Debug|x86.ActiveCfg = Debug|Win32
		{EBEFAFF6-127A-4E49-AC0C-6CA7E7DA8107}.Debug|x86.Build.0 = Debug|Win32
		{EBEFAFF6-127A-4E49-AC0C-6CA7E7DA8107}.Release|x64.ActiveCfg = Release|x64
		{EBEFAFF6-127A-4E49-AC0C-6CA7E7DA8107}.Release|x64.Build.0 = Release|x64
		{EBEFAFF6-127A-4E49-AC0C-6CA7E7DA8107}.Release|x86.ActiveCfg = Release|Win32
		{EBEFAFF6-127A-4E49-AC0C-6CA7E7DA8107}.Release|x86.Build.0 = Release|Win32
	EndGlobalSection
	GlobalSection(SolutionProperties) = preSolution
		HideSolutionNode = FALSE
	EndGlobalSection
	GlobalSection(ExtensibilityGlobals) = postSolution
		SolutionGuid = {7E7A1674-8E80-4E19-8042-6B685F7B9DB6}
	EndGlobalSection
EndGlobal
